// !$*UTF8*$!
{
	archiveVersion = 1;
	classes = {
	};
	objectVersion = 46;
	objects = {

/* Begin PBXBuildFile section */
		4230D4F615989012001C1C06 /* tabmap.png in Resources */ = {isa = PBXBuildFile; fileRef = 4230D4F515989012001C1C06 /* tabmap.png */; };
		4230D4FA159894F5001C1C06 /* MapViewPlacemarksController.m in Sources */ = {isa = PBXBuildFile; fileRef = 4230D4F9159894F5001C1C06 /* MapViewPlacemarksController.m */; };
		4230D5001598A7AA001C1C06 /* tablist.png in Resources */ = {isa = PBXBuildFile; fileRef = 4230D4FF1598A7AA001C1C06 /* tablist.png */; };
		4241350515A62EDF00A147D4 /* delete.png in Resources */ = {isa = PBXBuildFile; fileRef = 4241350115A62EDF00A147D4 /* delete.png */; };
		4241350615A62EDF00A147D4 /* delete_over.png in Resources */ = {isa = PBXBuildFile; fileRef = 4241350215A62EDF00A147D4 /* delete_over.png */; };
		4241350715A62EDF00A147D4 /* map.png in Resources */ = {isa = PBXBuildFile; fileRef = 4241350315A62EDF00A147D4 /* map.png */; };
		4241350815A62EDF00A147D4 /* add.png in Resources */ = {isa = PBXBuildFile; fileRef = 4241350415A62EDF00A147D4 /* add.png */; };
		424252C9158F63A5000E2E79 /* icon.png in Resources */ = {isa = PBXBuildFile; fileRef = 424252C8158F63A5000E2E79 /* icon.png */; };
		4296C73215A447B0008CF933 /* TodoDetailsView.xib in Resources */ = {isa = PBXBuildFile; fileRef = 4296C73315A447B0008CF933 /* TodoDetailsView.xib */; };
		42BA7D1F15A33B4C00F7C118 /* NSString+SBJSON.m in Sources */ = {isa = PBXBuildFile; fileRef = 42BA7D1415A33B4C00F7C118 /* NSString+SBJSON.m */; };
		42BA7D2015A33B4C00F7C118 /* NSObject+SBJSON.m in Sources */ = {isa = PBXBuildFile; fileRef = 42BA7D1615A33B4C00F7C118 /* NSObject+SBJSON.m */; };
		42BA7D2115A33B4C00F7C118 /* SBJSON.m in Sources */ = {isa = PBXBuildFile; fileRef = 42BA7D1815A33B4C00F7C118 /* SBJSON.m */; };
		42BA7D2215A33B4C00F7C118 /* SBJsonBase.m in Sources */ = {isa = PBXBuildFile; fileRef = 42BA7D1A15A33B4C00F7C118 /* SBJsonBase.m */; };
		42BA7D2315A33B4C00F7C118 /* SBJsonParser.m in Sources */ = {isa = PBXBuildFile; fileRef = 42BA7D1C15A33B4C00F7C118 /* SBJsonParser.m */; };
		42BA7D2415A33B4C00F7C118 /* SBJsonWriter.m in Sources */ = {isa = PBXBuildFile; fileRef = 42BA7D1E15A33B4C00F7C118 /* SBJsonWriter.m */; };
		42BA7D2B15A340C500F7C118 /* ServerAccess.m in Sources */ = {isa = PBXBuildFile; fileRef = 42BA7D2A15A340C500F7C118 /* ServerAccess.m */; };
		42BA7D2C15A3605D00F7C118 /* SBJSON.m in Sources */ = {isa = PBXBuildFile; fileRef = 42BA7D1815A33B4C00F7C118 /* SBJSON.m */; };
		42BA7D2D15A3608200F7C118 /* NSString+SBJSON.m in Sources */ = {isa = PBXBuildFile; fileRef = 42BA7D1415A33B4C00F7C118 /* NSString+SBJSON.m */; };
		42BA7D2E15A3608200F7C118 /* NSObject+SBJSON.m in Sources */ = {isa = PBXBuildFile; fileRef = 42BA7D1615A33B4C00F7C118 /* NSObject+SBJSON.m */; };
		42BA7D2F15A3608200F7C118 /* SBJsonBase.m in Sources */ = {isa = PBXBuildFile; fileRef = 42BA7D1A15A33B4C00F7C118 /* SBJsonBase.m */; };
		42BA7D3015A3608200F7C118 /* SBJsonParser.m in Sources */ = {isa = PBXBuildFile; fileRef = 42BA7D1C15A33B4C00F7C118 /* SBJsonParser.m */; };
		42BA7D3115A3608200F7C118 /* SBJsonWriter.m in Sources */ = {isa = PBXBuildFile; fileRef = 42BA7D1E15A33B4C00F7C118 /* SBJsonWriter.m */; };
		42CAD0C915871F5C00572FC1 /* MapViewController.m in Sources */ = {isa = PBXBuildFile; fileRef = 42CAD0C815871F5C00572FC1 /* MapViewController.m */; };
		42CAD0CB15872FB600572FC1 /* MapKit.framework in Frameworks */ = {isa = PBXBuildFile; fileRef = 42CAD0CA15872FB600572FC1 /* MapKit.framework */; };
		42CAD0CD1587316400572FC1 /* CoreLocation.framework in Frameworks */ = {isa = PBXBuildFile; fileRef = 42CAD0CC1587316400572FC1 /* CoreLocation.framework */; };
		42DC318F1578A4AC002A4459 /* PlaceDetailsView.xib in Resources */ = {isa = PBXBuildFile; fileRef = 42DC318E1578A4AC002A4459 /* PlaceDetailsView.xib */; };
		C9076579153E2339008C7F12 /* Todo.m in Sources */ = {isa = PBXBuildFile; fileRef = C9076576153E2339008C7F12 /* Todo.m */; };
		C907657A153E2339008C7F12 /* Todolist.m in Sources */ = {isa = PBXBuildFile; fileRef = C9076578153E2339008C7F12 /* Todolist.m */; };
		C907657E153E2351008C7F12 /* TodolistBackendAccessorImpl.m in Sources */ = {isa = PBXBuildFile; fileRef = C907657D153E2351008C7F12 /* TodolistBackendAccessorImpl.m */; };
		C9076585153E2414008C7F12 /* Logger.m in Sources */ = {isa = PBXBuildFile; fileRef = C9076584153E2414008C7F12 /* Logger.m */; };
		C9076587153E2429008C7F12 /* log4c.properties in Resources */ = {isa = PBXBuildFile; fileRef = C9076586153E2429008C7F12 /* log4c.properties */; };
		C907658E153E94B0008C7F12 /* TodolistViewController.m in Sources */ = {isa = PBXBuildFile; fileRef = C907658D153E94B0008C7F12 /* TodolistViewController.m */; };
		C9076591153E94C7008C7F12 /* TodolistView.xib in Resources */ = {isa = PBXBuildFile; fileRef = C9076590153E94C7008C7F12 /* TodolistView.xib */; };
		C92257781541B65000EECBA8 /* GenericRespondingTableView.m in Sources */ = {isa = PBXBuildFile; fileRef = C92257771541B65000EECBA8 /* GenericRespondingTableView.m */; };
		C922577B1541CB9000EECBA8 /* TodoTableViewCell.m in Sources */ = {isa = PBXBuildFile; fileRef = C922577A1541CB9000EECBA8 /* TodoTableViewCell.m */; };
		C922577E1541D4FD00EECBA8 /* GenericDatePickerViewController.m in Sources */ = {isa = PBXBuildFile; fileRef = C922577D1541D4FD00EECBA8 /* GenericDatePickerViewController.m */; };
		C92257821541D61800EECBA8 /* TodoDetailsDatePickerView.xib in Resources */ = {isa = PBXBuildFile; fileRef = C92257811541D61700EECBA8 /* TodoDetailsDatePickerView.xib */; };
		C95DB98B153DD7F900ACBA2E /* UIKit.framework in Frameworks */ = {isa = PBXBuildFile; fileRef = C95DB98A153DD7F900ACBA2E /* UIKit.framework */; };
		C95DB98D153DD7F900ACBA2E /* Foundation.framework in Frameworks */ = {isa = PBXBuildFile; fileRef = C95DB98C153DD7F900ACBA2E /* Foundation.framework */; };
		C95DB98F153DD7F900ACBA2E /* CoreGraphics.framework in Frameworks */ = {isa = PBXBuildFile; fileRef = C95DB98E153DD7F900ACBA2E /* CoreGraphics.framework */; };
		C95DB995153DD7F900ACBA2E /* InfoPlist.strings in Resources */ = {isa = PBXBuildFile; fileRef = C95DB993153DD7F900ACBA2E /* InfoPlist.strings */; };
		C95DB997153DD7F900ACBA2E /* main.m in Sources */ = {isa = PBXBuildFile; fileRef = C95DB996153DD7F900ACBA2E /* main.m */; };
		C95DB99B153DD7F900ACBA2E /* TodolistAppDelegate.m in Sources */ = {isa = PBXBuildFile; fileRef = C95DB99A153DD7F900ACBA2E /* TodolistAppDelegate.m */; };
		C95DB9A3153DD7F900ACBA2E /* SenTestingKit.framework in Frameworks */ = {isa = PBXBuildFile; fileRef = C95DB9A2153DD7F900ACBA2E /* SenTestingKit.framework */; };
		C95DB9A4153DD7F900ACBA2E /* UIKit.framework in Frameworks */ = {isa = PBXBuildFile; fileRef = C95DB98A153DD7F900ACBA2E /* UIKit.framework */; };
		C95DB9A5153DD7F900ACBA2E /* Foundation.framework in Frameworks */ = {isa = PBXBuildFile; fileRef = C95DB98C153DD7F900ACBA2E /* Foundation.framework */; };
		C95DB9AD153DD7FA00ACBA2E /* InfoPlist.strings in Resources */ = {isa = PBXBuildFile; fileRef = C95DB9AB153DD7FA00ACBA2E /* InfoPlist.strings */; };
		C95DB9B0153DD7FA00ACBA2E /* TodolistWithFormsTests.m in Sources */ = {isa = PBXBuildFile; fileRef = C95DB9AF153DD7FA00ACBA2E /* TodolistWithFormsTests.m */; };
		C95DB9BB153DD83800ACBA2E /* TodoDetailsViewController.m in Sources */ = {isa = PBXBuildFile; fileRef = C95DB9BA153DD83800ACBA2E /* TodoDetailsViewController.m */; };
/* End PBXBuildFile section */

/* Begin PBXContainerItemProxy section */
		C95DB9A6153DD7FA00ACBA2E /* PBXContainerItemProxy */ = {
			isa = PBXContainerItemProxy;
			containerPortal = C95DB97D153DD7F700ACBA2E /* Project object */;
			proxyType = 1;
			remoteGlobalIDString = C95DB985153DD7F900ACBA2E;
			remoteInfo = TodolistWithForms;
		};
/* End PBXContainerItemProxy section */

/* Begin PBXFileReference section */
		4230D4F515989012001C1C06 /* tabmap.png */ = {isa = PBXFileReference; lastKnownFileType = image.png; path = tabmap.png; sourceTree = "<group>"; };
		4230D4F8159894F5001C1C06 /* MapViewPlacemarksController.h */ = {isa = PBXFileReference; fileEncoding = 4; lastKnownFileType = sourcecode.c.h; path = MapViewPlacemarksController.h; sourceTree = "<group>"; };
		4230D4F9159894F5001C1C06 /* MapViewPlacemarksController.m */ = {isa = PBXFileReference; fileEncoding = 4; lastKnownFileType = sourcecode.c.objc; path = MapViewPlacemarksController.m; sourceTree = "<group>"; };
		4230D4FF1598A7AA001C1C06 /* tablist.png */ = {isa = PBXFileReference; lastKnownFileType = image.png; path = tablist.png; sourceTree = "<group>"; };
		4241350115A62EDF00A147D4 /* delete.png */ = {isa = PBXFileReference; lastKnownFileType = image.png; path = delete.png; sourceTree = "<group>"; };
		4241350215A62EDF00A147D4 /* delete_over.png */ = {isa = PBXFileReference; lastKnownFileType = image.png; path = delete_over.png; sourceTree = "<group>"; };
		4241350315A62EDF00A147D4 /* map.png */ = {isa = PBXFileReference; lastKnownFileType = image.png; path = map.png; sourceTree = "<group>"; };
		4241350415A62EDF00A147D4 /* add.png */ = {isa = PBXFileReference; lastKnownFileType = image.png; path = add.png; sourceTree = "<group>"; };
		424252C8158F63A5000E2E79 /* icon.png */ = {isa = PBXFileReference; lastKnownFileType = image.png; name = icon.png; path = ../icon.png; sourceTree = "<group>"; };
		4296C73315A447B0008CF933 /* TodoDetailsView.xib */ = {isa = PBXFileReference; lastKnownFileType = file.xib; path = TodoDetailsView.xib; sourceTree = "<group>"; };
		42BA7D1215A33B4C00F7C118 /* JSON.h */ = {isa = PBXFileReference; fileEncoding = 4; lastKnownFileType = sourcecode.c.h; path = JSON.h; sourceTree = "<group>"; };
		42BA7D1315A33B4C00F7C118 /* NSString+SBJSON.h */ = {isa = PBXFileReference; fileEncoding = 4; lastKnownFileType = sourcecode.c.h; path = "NSString+SBJSON.h"; sourceTree = "<group>"; };
		42BA7D1415A33B4C00F7C118 /* NSString+SBJSON.m */ = {isa = PBXFileReference; fileEncoding = 4; lastKnownFileType = sourcecode.c.objc; path = "NSString+SBJSON.m"; sourceTree = "<group>"; };
		42BA7D1515A33B4C00F7C118 /* NSObject+SBJSON.h */ = {isa = PBXFileReference; fileEncoding = 4; lastKnownFileType = sourcecode.c.h; path = "NSObject+SBJSON.h"; sourceTree = "<group>"; };
		42BA7D1615A33B4C00F7C118 /* NSObject+SBJSON.m */ = {isa = PBXFileReference; fileEncoding = 4; lastKnownFileType = sourcecode.c.objc; path = "NSObject+SBJSON.m"; sourceTree = "<group>"; };
		42BA7D1715A33B4C00F7C118 /* SBJSON.h */ = {isa = PBXFileReference; fileEncoding = 4; lastKnownFileType = sourcecode.c.h; path = SBJSON.h; sourceTree = "<group>"; };
		42BA7D1815A33B4C00F7C118 /* SBJSON.m */ = {isa = PBXFileReference; fileEncoding = 4; lastKnownFileType = sourcecode.c.objc; path = SBJSON.m; sourceTree = "<group>"; };
		42BA7D1915A33B4C00F7C118 /* SBJsonBase.h */ = {isa = PBXFileReference; fileEncoding = 4; lastKnownFileType = sourcecode.c.h; path = SBJsonBase.h; sourceTree = "<group>"; };
		42BA7D1A15A33B4C00F7C118 /* SBJsonBase.m */ = {isa = PBXFileReference; fileEncoding = 4; lastKnownFileType = sourcecode.c.objc; path = SBJsonBase.m; sourceTree = "<group>"; };
		42BA7D1B15A33B4C00F7C118 /* SBJsonParser.h */ = {isa = PBXFileReference; fileEncoding = 4; lastKnownFileType = sourcecode.c.h; path = SBJsonParser.h; sourceTree = "<group>"; };
		42BA7D1C15A33B4C00F7C118 /* SBJsonParser.m */ = {isa = PBXFileReference; fileEncoding = 4; lastKnownFileType = sourcecode.c.objc; path = SBJsonParser.m; sourceTree = "<group>"; };
		42BA7D1D15A33B4C00F7C118 /* SBJsonWriter.h */ = {isa = PBXFileReference; fileEncoding = 4; lastKnownFileType = sourcecode.c.h; path = SBJsonWriter.h; sourceTree = "<group>"; };
		42BA7D1E15A33B4C00F7C118 /* SBJsonWriter.m */ = {isa = PBXFileReference; fileEncoding = 4; lastKnownFileType = sourcecode.c.objc; path = SBJsonWriter.m; sourceTree = "<group>"; };
		42BA7D2915A340C500F7C118 /* ServerAccess.h */ = {isa = PBXFileReference; fileEncoding = 4; lastKnownFileType = sourcecode.c.h; path = ServerAccess.h; sourceTree = "<group>"; };
		42BA7D2A15A340C500F7C118 /* ServerAccess.m */ = {isa = PBXFileReference; fileEncoding = 4; lastKnownFileType = sourcecode.c.objc; path = ServerAccess.m; sourceTree = "<group>"; };
		42CAD0C615871CF800572FC1 /* MapViewController.h */ = {isa = PBXFileReference; lastKnownFileType = sourcecode.c.h; path = MapViewController.h; sourceTree = "<group>"; };
		42CAD0C815871F5C00572FC1 /* MapViewController.m */ = {isa = PBXFileReference; fileEncoding = 4; lastKnownFileType = sourcecode.c.objc; path = MapViewController.m; sourceTree = "<group>"; };
		42CAD0CA15872FB600572FC1 /* MapKit.framework */ = {isa = PBXFileReference; lastKnownFileType = wrapper.framework; name = MapKit.framework; path = System/Library/Frameworks/MapKit.framework; sourceTree = SDKROOT; };
		42CAD0CC1587316400572FC1 /* CoreLocation.framework */ = {isa = PBXFileReference; lastKnownFileType = wrapper.framework; name = CoreLocation.framework; path = System/Library/Frameworks/CoreLocation.framework; sourceTree = SDKROOT; };
		42DC318E1578A4AC002A4459 /* PlaceDetailsView.xib */ = {isa = PBXFileReference; fileEncoding = 4; lastKnownFileType = file.xib; path = PlaceDetailsView.xib; sourceTree = "<group>"; };
		C9076575153E2339008C7F12 /* Todo.h */ = {isa = PBXFileReference; fileEncoding = 4; lastKnownFileType = sourcecode.c.h; path = Todo.h; sourceTree = "<group>"; };
		C9076576153E2339008C7F12 /* Todo.m */ = {isa = PBXFileReference; fileEncoding = 4; lastKnownFileType = sourcecode.c.objc; path = Todo.m; sourceTree = "<group>"; };
		C9076577153E2339008C7F12 /* Todolist.h */ = {isa = PBXFileReference; fileEncoding = 4; lastKnownFileType = sourcecode.c.h; path = Todolist.h; sourceTree = "<group>"; };
		C9076578153E2339008C7F12 /* Todolist.m */ = {isa = PBXFileReference; fileEncoding = 4; lastKnownFileType = sourcecode.c.objc; path = Todolist.m; sourceTree = "<group>"; };
		C907657B153E2350008C7F12 /* ITodolistBackendAccessor.h */ = {isa = PBXFileReference; fileEncoding = 4; lastKnownFileType = sourcecode.c.h; path = ITodolistBackendAccessor.h; sourceTree = "<group>"; };
		C907657C153E2351008C7F12 /* TodolistBackendAccessorImpl.h */ = {isa = PBXFileReference; fileEncoding = 4; lastKnownFileType = sourcecode.c.h; path = TodolistBackendAccessorImpl.h; sourceTree = "<group>"; };
		C907657D153E2351008C7F12 /* TodolistBackendAccessorImpl.m */ = {isa = PBXFileReference; fileEncoding = 4; lastKnownFileType = sourcecode.c.objc; path = TodolistBackendAccessorImpl.m; sourceTree = "<group>"; };
		C907657F153E235C008C7F12 /* ITodo.h */ = {isa = PBXFileReference; fileEncoding = 4; lastKnownFileType = sourcecode.c.h; path = ITodo.h; sourceTree = "<group>"; };
		C9076583153E2414008C7F12 /* Logger.h */ = {isa = PBXFileReference; fileEncoding = 4; lastKnownFileType = sourcecode.c.h; path = Logger.h; sourceTree = "<group>"; };
		C9076584153E2414008C7F12 /* Logger.m */ = {isa = PBXFileReference; fileEncoding = 4; lastKnownFileType = sourcecode.c.objc; path = Logger.m; sourceTree = "<group>"; };
		C9076586153E2429008C7F12 /* log4c.properties */ = {isa = PBXFileReference; fileEncoding = 4; lastKnownFileType = text; path = log4c.properties; sourceTree = "<group>"; };
		C907658C153E94B0008C7F12 /* TodolistViewController.h */ = {isa = PBXFileReference; fileEncoding = 4; lastKnownFileType = sourcecode.c.h; path = TodolistViewController.h; sourceTree = "<group>"; };
		C907658D153E94B0008C7F12 /* TodolistViewController.m */ = {isa = PBXFileReference; fileEncoding = 4; lastKnownFileType = sourcecode.c.objc; path = TodolistViewController.m; sourceTree = "<group>"; };
		C9076590153E94C7008C7F12 /* TodolistView.xib */ = {isa = PBXFileReference; fileEncoding = 4; lastKnownFileType = file.xib; path = TodolistView.xib; sourceTree = "<group>"; };
		C92257761541B65000EECBA8 /* GenericRespondingTableView.h */ = {isa = PBXFileReference; fileEncoding = 4; lastKnownFileType = sourcecode.c.h; path = GenericRespondingTableView.h; sourceTree = "<group>"; };
		C92257771541B65000EECBA8 /* GenericRespondingTableView.m */ = {isa = PBXFileReference; fileEncoding = 4; lastKnownFileType = sourcecode.c.objc; path = GenericRespondingTableView.m; sourceTree = "<group>"; };
		C92257791541CB9000EECBA8 /* TodoTableViewCell.h */ = {isa = PBXFileReference; fileEncoding = 4; lastKnownFileType = sourcecode.c.h; path = TodoTableViewCell.h; sourceTree = "<group>"; };
		C922577A1541CB9000EECBA8 /* TodoTableViewCell.m */ = {isa = PBXFileReference; fileEncoding = 4; lastKnownFileType = sourcecode.c.objc; path = TodoTableViewCell.m; sourceTree = "<group>"; };
		C922577C1541D4FD00EECBA8 /* GenericDatePickerViewController.h */ = {isa = PBXFileReference; fileEncoding = 4; lastKnownFileType = sourcecode.c.h; path = GenericDatePickerViewController.h; sourceTree = "<group>"; };
		C922577D1541D4FD00EECBA8 /* GenericDatePickerViewController.m */ = {isa = PBXFileReference; fileEncoding = 4; lastKnownFileType = sourcecode.c.objc; path = GenericDatePickerViewController.m; sourceTree = "<group>"; };
		C92257811541D61700EECBA8 /* TodoDetailsDatePickerView.xib */ = {isa = PBXFileReference; fileEncoding = 4; lastKnownFileType = file.xib; path = TodoDetailsDatePickerView.xib; sourceTree = "<group>"; };
		C95DB986153DD7F900ACBA2E /* TodolistWithForms.app */ = {isa = PBXFileReference; explicitFileType = wrapper.application; includeInIndex = 0; path = TodolistWithForms.app; sourceTree = BUILT_PRODUCTS_DIR; };
		C95DB98A153DD7F900ACBA2E /* UIKit.framework */ = {isa = PBXFileReference; lastKnownFileType = wrapper.framework; name = UIKit.framework; path = System/Library/Frameworks/UIKit.framework; sourceTree = SDKROOT; };
		C95DB98C153DD7F900ACBA2E /* Foundation.framework */ = {isa = PBXFileReference; lastKnownFileType = wrapper.framework; name = Foundation.framework; path = System/Library/Frameworks/Foundation.framework; sourceTree = SDKROOT; };
		C95DB98E153DD7F900ACBA2E /* CoreGraphics.framework */ = {isa = PBXFileReference; lastKnownFileType = wrapper.framework; name = CoreGraphics.framework; path = System/Library/Frameworks/CoreGraphics.framework; sourceTree = SDKROOT; };
		C95DB992153DD7F900ACBA2E /* TodolistWithForms-Info.plist */ = {isa = PBXFileReference; lastKnownFileType = text.plist.xml; path = "TodolistWithForms-Info.plist"; sourceTree = "<group>"; };
		C95DB994153DD7F900ACBA2E /* en */ = {isa = PBXFileReference; lastKnownFileType = text.plist.strings; name = en; path = en.lproj/InfoPlist.strings; sourceTree = "<group>"; };
		C95DB996153DD7F900ACBA2E /* main.m */ = {isa = PBXFileReference; lastKnownFileType = sourcecode.c.objc; path = main.m; sourceTree = "<group>"; };
		C95DB998153DD7F900ACBA2E /* TodolistWithForms-Prefix.pch */ = {isa = PBXFileReference; lastKnownFileType = sourcecode.c.h; path = "TodolistWithForms-Prefix.pch"; sourceTree = "<group>"; };
		C95DB999153DD7F900ACBA2E /* TodolistAppDelegate.h */ = {isa = PBXFileReference; lastKnownFileType = sourcecode.c.h; path = TodolistAppDelegate.h; sourceTree = "<group>"; };
		C95DB99A153DD7F900ACBA2E /* TodolistAppDelegate.m */ = {isa = PBXFileReference; lastKnownFileType = sourcecode.c.objc; path = TodolistAppDelegate.m; sourceTree = "<group>"; };
		C95DB9A1153DD7F900ACBA2E /* TodolistWithFormsTests.octest */ = {isa = PBXFileReference; explicitFileType = wrapper.cfbundle; includeInIndex = 0; path = TodolistWithFormsTests.octest; sourceTree = BUILT_PRODUCTS_DIR; };
		C95DB9A2153DD7F900ACBA2E /* SenTestingKit.framework */ = {isa = PBXFileReference; lastKnownFileType = wrapper.framework; name = SenTestingKit.framework; path = Library/Frameworks/SenTestingKit.framework; sourceTree = DEVELOPER_DIR; };
		C95DB9AA153DD7FA00ACBA2E /* TodolistWithFormsTests-Info.plist */ = {isa = PBXFileReference; lastKnownFileType = text.plist.xml; path = "TodolistWithFormsTests-Info.plist"; sourceTree = "<group>"; };
		C95DB9AC153DD7FA00ACBA2E /* en */ = {isa = PBXFileReference; lastKnownFileType = text.plist.strings; name = en; path = en.lproj/InfoPlist.strings; sourceTree = "<group>"; };
		C95DB9AE153DD7FA00ACBA2E /* TodolistWithFormsTests.h */ = {isa = PBXFileReference; lastKnownFileType = sourcecode.c.h; path = TodolistWithFormsTests.h; sourceTree = "<group>"; };
		C95DB9AF153DD7FA00ACBA2E /* TodolistWithFormsTests.m */ = {isa = PBXFileReference; lastKnownFileType = sourcecode.c.objc; path = TodolistWithFormsTests.m; sourceTree = "<group>"; };
		C95DB9B9153DD83800ACBA2E /* TodoDetailsViewController.h */ = {isa = PBXFileReference; fileEncoding = 4; lastKnownFileType = sourcecode.c.h; path = TodoDetailsViewController.h; sourceTree = "<group>"; };
		C95DB9BA153DD83800ACBA2E /* TodoDetailsViewController.m */ = {isa = PBXFileReference; fileEncoding = 4; lastKnownFileType = sourcecode.c.objc; path = TodoDetailsViewController.m; sourceTree = "<group>"; };
/* End PBXFileReference section */

/* Begin PBXFrameworksBuildPhase section */
		C95DB983153DD7F900ACBA2E /* Frameworks */ = {
			isa = PBXFrameworksBuildPhase;
			buildActionMask = 2147483647;
			files = (
				42CAD0CD1587316400572FC1 /* CoreLocation.framework in Frameworks */,
				42CAD0CB15872FB600572FC1 /* MapKit.framework in Frameworks */,
				C95DB98B153DD7F900ACBA2E /* UIKit.framework in Frameworks */,
				C95DB98D153DD7F900ACBA2E /* Foundation.framework in Frameworks */,
				C95DB98F153DD7F900ACBA2E /* CoreGraphics.framework in Frameworks */,
			);
			runOnlyForDeploymentPostprocessing = 0;
		};
		C95DB99D153DD7F900ACBA2E /* Frameworks */ = {
			isa = PBXFrameworksBuildPhase;
			buildActionMask = 2147483647;
			files = (
				C95DB9A3153DD7F900ACBA2E /* SenTestingKit.framework in Frameworks */,
				C95DB9A4153DD7F900ACBA2E /* UIKit.framework in Frameworks */,
				C95DB9A5153DD7F900ACBA2E /* Foundation.framework in Frameworks */,
			);
			runOnlyForDeploymentPostprocessing = 0;
		};
/* End PBXFrameworksBuildPhase section */

/* Begin PBXGroup section */
		42BA7D1015A33B2700F7C118 /* json */ = {
			isa = PBXGroup;
			children = (
				42BA7D1215A33B4C00F7C118 /* JSON.h */,
				42BA7D1315A33B4C00F7C118 /* NSString+SBJSON.h */,
				42BA7D1415A33B4C00F7C118 /* NSString+SBJSON.m */,
				42BA7D1515A33B4C00F7C118 /* NSObject+SBJSON.h */,
				42BA7D1615A33B4C00F7C118 /* NSObject+SBJSON.m */,
				42BA7D1715A33B4C00F7C118 /* SBJSON.h */,
				42BA7D1815A33B4C00F7C118 /* SBJSON.m */,
				42BA7D1915A33B4C00F7C118 /* SBJsonBase.h */,
				42BA7D1A15A33B4C00F7C118 /* SBJsonBase.m */,
				42BA7D1B15A33B4C00F7C118 /* SBJsonParser.h */,
				42BA7D1C15A33B4C00F7C118 /* SBJsonParser.m */,
				42BA7D1D15A33B4C00F7C118 /* SBJsonWriter.h */,
				42BA7D1E15A33B4C00F7C118 /* SBJsonWriter.m */,
			);
			name = json;
			sourceTree = "<group>";
		};
		42BA7D2515A33D4400F7C118 /* gui */ = {
			isa = PBXGroup;
			children = (
				C92257811541D61700EECBA8 /* TodoDetailsDatePickerView.xib */,
				4296C73315A447B0008CF933 /* TodoDetailsView.xib */,
				C9076590153E94C7008C7F12 /* TodolistView.xib */,
				42DC318E1578A4AC002A4459 /* PlaceDetailsView.xib */,
			);
			name = gui;
			sourceTree = "<group>";
		};
		C9076580153E23EB008C7F12 /* shared */ = {
			isa = PBXGroup;
			children = (
				42BA7D2515A33D4400F7C118 /* gui */,
				C92257741541B63000EECBA8 /* ui */,
				C9076582153E2400008C7F12 /* logging */,
			);
			name = shared;
			sourceTree = "<group>";
		};
		C9076581153E23F3008C7F12 /* resources */ = {
			isa = PBXGroup;
			children = (
				4241350115A62EDF00A147D4 /* delete.png */,
				4241350215A62EDF00A147D4 /* delete_over.png */,
				4241350315A62EDF00A147D4 /* map.png */,
				4241350415A62EDF00A147D4 /* add.png */,
				424252C8158F63A5000E2E79 /* icon.png */,
				4230D4FF1598A7AA001C1C06 /* tablist.png */,
				4230D4F515989012001C1C06 /* tabmap.png */,
				C9076586153E2429008C7F12 /* log4c.properties */,
			);
			name = resources;
			sourceTree = "<group>";
		};
		C9076582153E2400008C7F12 /* logging */ = {
			isa = PBXGroup;
			children = (
				C9076583153E2414008C7F12 /* Logger.h */,
				C9076584153E2414008C7F12 /* Logger.m */,
			);
			name = logging;
			sourceTree = "<group>";
		};
		C92257741541B63000EECBA8 /* ui */ = {
			isa = PBXGroup;
			children = (
				C92257761541B65000EECBA8 /* GenericRespondingTableView.h */,
				C92257771541B65000EECBA8 /* GenericRespondingTableView.m */,
				C922577C1541D4FD00EECBA8 /* GenericDatePickerViewController.h */,
				C922577D1541D4FD00EECBA8 /* GenericDatePickerViewController.m */,
			);
			name = ui;
			sourceTree = "<group>";
		};
		C95DB97B153DD7F700ACBA2E = {
			isa = PBXGroup;
			children = (
				42CAD0CC1587316400572FC1 /* CoreLocation.framework */,
				42CAD0CA15872FB600572FC1 /* MapKit.framework */,
				C95DB990153DD7F900ACBA2E /* TodolistWithForms */,
				C95DB9A8153DD7FA00ACBA2E /* TodolistWithFormsTests */,
				C95DB989153DD7F900ACBA2E /* Frameworks */,
				C95DB987153DD7F900ACBA2E /* Products */,
			);
			sourceTree = "<group>";
		};
		C95DB987153DD7F900ACBA2E /* Products */ = {
			isa = PBXGroup;
			children = (
				C95DB986153DD7F900ACBA2E /* TodolistWithForms.app */,
				C95DB9A1153DD7F900ACBA2E /* TodolistWithFormsTests.octest */,
			);
			name = Products;
			sourceTree = "<group>";
		};
		C95DB989153DD7F900ACBA2E /* Frameworks */ = {
			isa = PBXGroup;
			children = (
				C95DB98A153DD7F900ACBA2E /* UIKit.framework */,
				C95DB98C153DD7F900ACBA2E /* Foundation.framework */,
				C95DB98E153DD7F900ACBA2E /* CoreGraphics.framework */,
				C95DB9A2153DD7F900ACBA2E /* SenTestingKit.framework */,
			);
			name = Frameworks;
			sourceTree = "<group>";
		};
		C95DB990153DD7F900ACBA2E /* TodolistWithForms */ = {
			isa = PBXGroup;
			children = (
				42BA7D1015A33B2700F7C118 /* json */,
				C95DB991153DD7F900ACBA2E /* Supporting Files */,
				C9076581153E23F3008C7F12 /* resources */,
				C9076580153E23EB008C7F12 /* shared */,
				C907657F153E235C008C7F12 /* ITodo.h */,
				C907657B153E2350008C7F12 /* ITodolistBackendAccessor.h */,
				42CAD0C615871CF800572FC1 /* MapViewController.h */,
				42CAD0C815871F5C00572FC1 /* MapViewController.m */,
				4230D4F8159894F5001C1C06 /* MapViewPlacemarksController.h */,
				4230D4F9159894F5001C1C06 /* MapViewPlacemarksController.m */,
				C9076575153E2339008C7F12 /* Todo.h */,
				C9076576153E2339008C7F12 /* Todo.m */,
				C95DB9B9153DD83800ACBA2E /* TodoDetailsViewController.h */,
				C95DB9BA153DD83800ACBA2E /* TodoDetailsViewController.m */,
				C9076577153E2339008C7F12 /* Todolist.h */,
				C9076578153E2339008C7F12 /* Todolist.m */,
				C95DB999153DD7F900ACBA2E /* TodolistAppDelegate.h */,
				C95DB99A153DD7F900ACBA2E /* TodolistAppDelegate.m */,
				C907657C153E2351008C7F12 /* TodolistBackendAccessorImpl.h */,
				C907657D153E2351008C7F12 /* TodolistBackendAccessorImpl.m */,
				C907658C153E94B0008C7F12 /* TodolistViewController.h */,
				C907658D153E94B0008C7F12 /* TodolistViewController.m */,
				C92257791541CB9000EECBA8 /* TodoTableViewCell.h */,
				C922577A1541CB9000EECBA8 /* TodoTableViewCell.m */,
				42BA7D2915A340C500F7C118 /* ServerAccess.h */,
				42BA7D2A15A340C500F7C118 /* ServerAccess.m */,
			);
			path = TodolistWithForms;
			sourceTree = "<group>";
		};
		C95DB991153DD7F900ACBA2E /* Supporting Files */ = {
			isa = PBXGroup;
			children = (
				C95DB992153DD7F900ACBA2E /* TodolistWithForms-Info.plist */,
				C95DB993153DD7F900ACBA2E /* InfoPlist.strings */,
				C95DB996153DD7F900ACBA2E /* main.m */,
				C95DB998153DD7F900ACBA2E /* TodolistWithForms-Prefix.pch */,
			);
			name = "Supporting Files";
			sourceTree = "<group>";
		};
		C95DB9A8153DD7FA00ACBA2E /* TodolistWithFormsTests */ = {
			isa = PBXGroup;
			children = (
				C95DB9AE153DD7FA00ACBA2E /* TodolistWithFormsTests.h */,
				C95DB9AF153DD7FA00ACBA2E /* TodolistWithFormsTests.m */,
				C95DB9A9153DD7FA00ACBA2E /* Supporting Files */,
			);
			path = TodolistWithFormsTests;
			sourceTree = "<group>";
		};
		C95DB9A9153DD7FA00ACBA2E /* Supporting Files */ = {
			isa = PBXGroup;
			children = (
				C95DB9AA153DD7FA00ACBA2E /* TodolistWithFormsTests-Info.plist */,
				C95DB9AB153DD7FA00ACBA2E /* InfoPlist.strings */,
			);
			name = "Supporting Files";
			sourceTree = "<group>";
		};
/* End PBXGroup section */

/* Begin PBXNativeTarget section */
		C95DB985153DD7F900ACBA2E /* TodolistWithForms */ = {
			isa = PBXNativeTarget;
			buildConfigurationList = C95DB9B3153DD7FA00ACBA2E /* Build configuration list for PBXNativeTarget "TodolistWithForms" */;
			buildPhases = (
				C95DB982153DD7F900ACBA2E /* Sources */,
				C95DB983153DD7F900ACBA2E /* Frameworks */,
				C95DB984153DD7F900ACBA2E /* Resources */,
			);
			buildRules = (
			);
			dependencies = (
			);
			name = TodolistWithForms;
			productName = TodolistWithForms;
			productReference = C95DB986153DD7F900ACBA2E /* TodolistWithForms.app */;
			productType = "com.apple.product-type.application";
		};
		C95DB9A0153DD7F900ACBA2E /* TodolistWithFormsTests */ = {
			isa = PBXNativeTarget;
			buildConfigurationList = C95DB9B6153DD7FA00ACBA2E /* Build configuration list for PBXNativeTarget "TodolistWithFormsTests" */;
			buildPhases = (
				C95DB99C153DD7F900ACBA2E /* Sources */,
				C95DB99D153DD7F900ACBA2E /* Frameworks */,
				C95DB99E153DD7F900ACBA2E /* Resources */,
				C95DB99F153DD7F900ACBA2E /* ShellScript */,
			);
			buildRules = (
			);
			dependencies = (
				C95DB9A7153DD7FA00ACBA2E /* PBXTargetDependency */,
			);
			name = TodolistWithFormsTests;
			productName = TodolistWithFormsTests;
			productReference = C95DB9A1153DD7F900ACBA2E /* TodolistWithFormsTests.octest */;
			productType = "com.apple.product-type.bundle";
		};
/* End PBXNativeTarget section */

/* Begin PBXProject section */
		C95DB97D153DD7F700ACBA2E /* Project object */ = {
			isa = PBXProject;
			attributes = {
				LastUpgradeCheck = 0430;
				ORGANIZATIONNAME = de.fhb.mobile;
			};
			buildConfigurationList = C95DB980153DD7F700ACBA2E /* Build configuration list for PBXProject "TodolistWithForms" */;
			compatibilityVersion = "Xcode 3.2";
			developmentRegion = English;
			hasScannedForEncodings = 0;
			knownRegions = (
				en,
			);
			mainGroup = C95DB97B153DD7F700ACBA2E;
			productRefGroup = C95DB987153DD7F900ACBA2E /* Products */;
			projectDirPath = "";
			projectRoot = "";
			targets = (
				C95DB985153DD7F900ACBA2E /* TodolistWithForms */,
				C95DB9A0153DD7F900ACBA2E /* TodolistWithFormsTests */,
			);
		};
/* End PBXProject section */

/* Begin PBXResourcesBuildPhase section */
		C95DB984153DD7F900ACBA2E /* Resources */ = {
			isa = PBXResourcesBuildPhase;
			buildActionMask = 2147483647;
			files = (
				C95DB995153DD7F900ACBA2E /* InfoPlist.strings in Resources */,
				4296C73215A447B0008CF933 /* TodoDetailsView.xib in Resources */,
				C9076587153E2429008C7F12 /* log4c.properties in Resources */,
				C9076591153E94C7008C7F12 /* TodolistView.xib in Resources */,
				C92257821541D61800EECBA8 /* TodoDetailsDatePickerView.xib in Resources */,
				42DC318F1578A4AC002A4459 /* PlaceDetailsView.xib in Resources */,
				424252C9158F63A5000E2E79 /* icon.png in Resources */,
				4230D4F615989012001C1C06 /* tabmap.png in Resources */,
				4230D5001598A7AA001C1C06 /* tablist.png in Resources */,
				4241350515A62EDF00A147D4 /* delete.png in Resources */,
				4241350615A62EDF00A147D4 /* delete_over.png in Resources */,
				4241350715A62EDF00A147D4 /* map.png in Resources */,
				4241350815A62EDF00A147D4 /* add.png in Resources */,
			);
			runOnlyForDeploymentPostprocessing = 0;
		};
		C95DB99E153DD7F900ACBA2E /* Resources */ = {
			isa = PBXResourcesBuildPhase;
			buildActionMask = 2147483647;
			files = (
				C95DB9AD153DD7FA00ACBA2E /* InfoPlist.strings in Resources */,
			);
			runOnlyForDeploymentPostprocessing = 0;
		};
/* End PBXResourcesBuildPhase section */

/* Begin PBXShellScriptBuildPhase section */
		C95DB99F153DD7F900ACBA2E /* ShellScript */ = {
			isa = PBXShellScriptBuildPhase;
			buildActionMask = 2147483647;
			files = (
			);
			inputPaths = (
			);
			outputPaths = (
			);
			runOnlyForDeploymentPostprocessing = 0;
			shellPath = /bin/sh;
			shellScript = "# Run the unit tests in this test bundle.\n\"${SYSTEM_DEVELOPER_DIR}/Tools/RunUnitTests\"\n";
		};
/* End PBXShellScriptBuildPhase section */

/* Begin PBXSourcesBuildPhase section */
		C95DB982153DD7F900ACBA2E /* Sources */ = {
			isa = PBXSourcesBuildPhase;
			buildActionMask = 2147483647;
			files = (
				42BA7D2D15A3608200F7C118 /* NSString+SBJSON.m in Sources */,
				42BA7D2E15A3608200F7C118 /* NSObject+SBJSON.m in Sources */,
				42BA7D2F15A3608200F7C118 /* SBJsonBase.m in Sources */,
				42BA7D3015A3608200F7C118 /* SBJsonParser.m in Sources */,
				42BA7D3115A3608200F7C118 /* SBJsonWriter.m in Sources */,
				42BA7D2C15A3605D00F7C118 /* SBJSON.m in Sources */,
				C95DB997153DD7F900ACBA2E /* main.m in Sources */,
				C95DB99B153DD7F900ACBA2E /* TodolistAppDelegate.m in Sources */,
				C95DB9BB153DD83800ACBA2E /* TodoDetailsViewController.m in Sources */,
				C9076579153E2339008C7F12 /* Todo.m in Sources */,
				C907657A153E2339008C7F12 /* Todolist.m in Sources */,
				C907657E153E2351008C7F12 /* TodolistBackendAccessorImpl.m in Sources */,
				C9076585153E2414008C7F12 /* Logger.m in Sources */,
				C907658E153E94B0008C7F12 /* TodolistViewController.m in Sources */,
				C92257781541B65000EECBA8 /* GenericRespondingTableView.m in Sources */,
				C922577B1541CB9000EECBA8 /* TodoTableViewCell.m in Sources */,
				C922577E1541D4FD00EECBA8 /* GenericDatePickerViewController.m in Sources */,
				42CAD0C915871F5C00572FC1 /* MapViewController.m in Sources */,
				4230D4FA159894F5001C1C06 /* MapViewPlacemarksController.m in Sources */,
				42BA7D2B15A340C500F7C118 /* ServerAccess.m in Sources */,
			);
			runOnlyForDeploymentPostprocessing = 0;
		};
		C95DB99C153DD7F900ACBA2E /* Sources */ = {
			isa = PBXSourcesBuildPhase;
			buildActionMask = 2147483647;
			files = (
				C95DB9B0153DD7FA00ACBA2E /* TodolistWithFormsTests.m in Sources */,
				42BA7D1F15A33B4C00F7C118 /* NSString+SBJSON.m in Sources */,
				42BA7D2015A33B4C00F7C118 /* NSObject+SBJSON.m in Sources */,
				42BA7D2115A33B4C00F7C118 /* SBJSON.m in Sources */,
				42BA7D2215A33B4C00F7C118 /* SBJsonBase.m in Sources */,
				42BA7D2315A33B4C00F7C118 /* SBJsonParser.m in Sources */,
				42BA7D2415A33B4C00F7C118 /* SBJsonWriter.m in Sources */,
			);
			runOnlyForDeploymentPostprocessing = 0;
		};
/* End PBXSourcesBuildPhase section */

/* Begin PBXTargetDependency section */
		C95DB9A7153DD7FA00ACBA2E /* PBXTargetDependency */ = {
			isa = PBXTargetDependency;
			target = C95DB985153DD7F900ACBA2E /* TodolistWithForms */;
			targetProxy = C95DB9A6153DD7FA00ACBA2E /* PBXContainerItemProxy */;
		};
/* End PBXTargetDependency section */

/* Begin PBXVariantGroup section */
		C95DB993153DD7F900ACBA2E /* InfoPlist.strings */ = {
			isa = PBXVariantGroup;
			children = (
				C95DB994153DD7F900ACBA2E /* en */,
			);
			name = InfoPlist.strings;
			sourceTree = "<group>";
		};
		C95DB9AB153DD7FA00ACBA2E /* InfoPlist.strings */ = {
			isa = PBXVariantGroup;
			children = (
				C95DB9AC153DD7FA00ACBA2E /* en */,
			);
			name = InfoPlist.strings;
			sourceTree = "<group>";
		};
/* End PBXVariantGroup section */

/* Begin XCBuildConfiguration section */
		C95DB9B1153DD7FA00ACBA2E /* Debug */ = {
			isa = XCBuildConfiguration;
			buildSettings = {
				ALWAYS_SEARCH_USER_PATHS = NO;
				ARCHS = "$(ARCHS_STANDARD_32_BIT)";
				CLANG_ENABLE_OBJC_ARC = NO;
				CODE_SIGN_IDENTITY = "iPhone Developer: Arvid Grunenberg (R9FRP2NL82)";
				"CODE_SIGN_IDENTITY[sdk=iphoneos*]" = "iPhone Developer";
				COPY_PHASE_STRIP = NO;
				GCC_C_LANGUAGE_STANDARD = gnu99;
				GCC_DYNAMIC_NO_PIC = NO;
				GCC_OPTIMIZATION_LEVEL = 0;
				GCC_PREPROCESSOR_DEFINITIONS = (
					"DEBUG=1",
					"$(inherited)",
				);
				GCC_SYMBOLS_PRIVATE_EXTERN = NO;
				GCC_VERSION = com.apple.compilers.llvm.clang.1_0;
				GCC_WARN_ABOUT_MISSING_PROTOTYPES = YES;
				GCC_WARN_ABOUT_RETURN_TYPE = YES;
				GCC_WARN_UNUSED_VARIABLE = YES;
				IPHONEOS_DEPLOYMENT_TARGET = 6.0;
				ONLY_ACTIVE_ARCH = YES;
				PROVISIONING_PROFILE = "DB3DCF46-64EC-4C09-BFCB-3EBD9BB73546";
				SDKROOT = iphoneos;
				TARGETED_DEVICE_FAMILY = 1;
				VALIDATE_PRODUCT = YES;
			};
			name = Debug;
		};
		C95DB9B2153DD7FA00ACBA2E /* Release */ = {
			isa = XCBuildConfiguration;
			buildSettings = {
				ALWAYS_SEARCH_USER_PATHS = NO;
				ARCHS = "$(ARCHS_STANDARD_32_BIT)";
				CLANG_ENABLE_OBJC_ARC = NO;
				CODE_SIGN_IDENTITY = "iPhone Developer: Arvid Grunenberg (R9FRP2NL82)";
				"CODE_SIGN_IDENTITY[sdk=iphoneos*]" = "iPhone Developer";
				COPY_PHASE_STRIP = YES;
				GCC_C_LANGUAGE_STANDARD = gnu99;
				GCC_VERSION = com.apple.compilers.llvm.clang.1_0;
				GCC_WARN_ABOUT_MISSING_PROTOTYPES = YES;
				GCC_WARN_ABOUT_RETURN_TYPE = YES;
				GCC_WARN_UNUSED_VARIABLE = YES;
				IPHONEOS_DEPLOYMENT_TARGET = 6.0;
				ONLY_ACTIVE_ARCH = YES;
				OTHER_CFLAGS = "-DNS_BLOCK_ASSERTIONS=1";
				PROVISIONING_PROFILE = "DB3DCF46-64EC-4C09-BFCB-3EBD9BB73546";
				SDKROOT = iphoneos;
				TARGETED_DEVICE_FAMILY = 1;
				VALIDATE_PRODUCT = YES;
			};
			name = Release;
		};
		C95DB9B4153DD7FA00ACBA2E /* Debug */ = {
			isa = XCBuildConfiguration;
			buildSettings = {
				GCC_PRECOMPILE_PREFIX_HEADER = YES;
				GCC_PREFIX_HEADER = "TodolistWithForms/TodolistWithForms-Prefix.pch";
				INFOPLIST_FILE = "TodolistWithForms/TodolistWithForms-Info.plist";
				ONLY_ACTIVE_ARCH = YES;
				PRODUCT_NAME = "$(TARGET_NAME)";
				TARGETED_DEVICE_FAMILY = 1;
				WRAPPER_EXTENSION = app;
			};
			name = Debug;
		};
		C95DB9B5153DD7FA00ACBA2E /* Release */ = {
			isa = XCBuildConfiguration;
			buildSettings = {
				GCC_PRECOMPILE_PREFIX_HEADER = YES;
				GCC_PREFIX_HEADER = "TodolistWithForms/TodolistWithForms-Prefix.pch";
				INFOPLIST_FILE = "TodolistWithForms/TodolistWithForms-Info.plist";
				ONLY_ACTIVE_ARCH = YES;
				PRODUCT_NAME = "$(TARGET_NAME)";
				TARGETED_DEVICE_FAMILY = 1;
				WRAPPER_EXTENSION = app;
			};
			name = Release;
		};
		C95DB9B7153DD7FA00ACBA2E /* Debug */ = {
			isa = XCBuildConfiguration;
			buildSettings = {
				BUNDLE_LOADER = "$(BUILT_PRODUCTS_DIR)/TodolistWithForms.app/TodolistWithForms";
				FRAMEWORK_SEARCH_PATHS = (
					"$(SDKROOT)/Developer/Library/Frameworks",
					"$(DEVELOPER_LIBRARY_DIR)/Frameworks",
				);
				GCC_PRECOMPILE_PREFIX_HEADER = YES;
				GCC_PREFIX_HEADER = "TodolistWithForms/TodolistWithForms-Prefix.pch";
				INFOPLIST_FILE = "TodolistWithFormsTests/TodolistWithFormsTests-Info.plist";
				PRODUCT_NAME = "$(TARGET_NAME)";
				TEST_HOST = "$(BUNDLE_LOADER)";
				WRAPPER_EXTENSION = octest;
			};
			name = Debug;
		};
		C95DB9B8153DD7FA00ACBA2E /* Release */ = {
			isa = XCBuildConfiguration;
			buildSettings = {
				BUNDLE_LOADER = "$(BUILT_PRODUCTS_DIR)/TodolistWithForms.app/TodolistWithForms";
				FRAMEWORK_SEARCH_PATHS = (
					"$(SDKROOT)/Developer/Library/Frameworks",
					"$(DEVELOPER_LIBRARY_DIR)/Frameworks",
				);
				GCC_PRECOMPILE_PREFIX_HEADER = YES;
				GCC_PREFIX_HEADER = "TodolistWithForms/TodolistWithForms-Prefix.pch";
				INFOPLIST_FILE = "TodolistWithFormsTests/TodolistWithFormsTests-Info.plist";
				PRODUCT_NAME = "$(TARGET_NAME)";
				TEST_HOST = "$(BUNDLE_LOADER)";
				WRAPPER_EXTENSION = octest;
			};
			name = Release;
		};
/* End XCBuildConfiguration section */

/* Begin XCConfigurationList section */
		C95DB980153DD7F700ACBA2E /* Build configuration list for PBXProject "TodolistWithForms" */ = {
			isa = XCConfigurationList;
			buildConfigurations = (
				C95DB9B1153DD7FA00ACBA2E /* Debug */,
				C95DB9B2153DD7FA00ACBA2E /* Release */,
			);
			defaultConfigurationIsVisible = 0;
			defaultConfigurationName = Release;
		};
		C95DB9B3153DD7FA00ACBA2E /* Build configuration list for PBXNativeTarget "TodolistWithForms" */ = {
			isa = XCConfigurationList;
			buildConfigurations = (
				C95DB9B4153DD7FA00ACBA2E /* Debug */,
				C95DB9B5153DD7FA00ACBA2E /* Release */,
			);
			defaultConfigurationIsVisible = 0;
			defaultConfigurationName = Release;
		};
		C95DB9B6153DD7FA00ACBA2E /* Build configuration list for PBXNativeTarget "TodolistWithFormsTests" */ = {
			isa = XCConfigurationList;
			buildConfigurations = (
				C95DB9B7153DD7FA00ACBA2E /* Debug */,
				C95DB9B8153DD7FA00ACBA2E /* Release */,
			);
			defaultConfigurationIsVisible = 0;
			defaultConfigurationName = Release;
		};
/* End XCConfigurationList section */
	};
	rootObject = C95DB97D153DD7F700ACBA2E /* Project object */;
}
